
Microsoft Visual Studio Solution File, Format Version 12.00
# Visual Studio Version 17
VisualStudioVersion = 17.4.33205.214
MinimumVisualStudioVersion = 10.0.40219.1
Project("{9A19103F-16F7-4668-BE54-9A1E7A4F7556}") = "gRPC.API", "gRPC\gRPC.API.csproj", "{96A7E1D6-4115-4BC4-9C01-2155FA946C4C}"
EndProject
Project("{FAE04EC0-301F-11D3-BF4B-00C04F79EFBC}") = "gRPC.Poc", "gRPC.Poc\gRPC.Poc.csproj", "{AD225C4B-58FD-4273-85D2-10F8810D49D7}"
EndProject
Global
	GlobalSection(SolutionConfigurationPlatforms) = preSolution
		Debug|Any CPU = Debug|Any CPU
		Release|Any CPU = Release|Any CPU
	EndGlobalSection
	GlobalSection(ProjectConfigurationPlatforms) = postSolution
		{96A7E1D6-4115-4BC4-9C01-2155FA946C4C}.Debug|Any CPU.ActiveCfg = Debug|Any CPU
		{96A7E1D6-4115-4BC4-9C01-2155FA946C4C}.Debug|Any CPU.Build.0 = Debug|Any CPU
		{96A7E1D6-4115-4BC4-9C01-2155FA946C4C}.Release|Any CPU.ActiveCfg = Release|Any CPU
		{96A7E1D6-4115-4BC4-9C01-2155FA946C4C}.Release|Any CPU.Build.0 = Release|Any CPU
		{AD225C4B-58FD-4273-85D2-10F8810D49D7}.Debug|Any CPU.ActiveCfg = Debug|Any CPU
		{AD225C4B-58FD-4273-85D2-10F8810D49D7}.Debug|Any CPU.Build.0 = Debug|Any CPU
		{AD225C4B-58FD-4273-85D2-10F8810D49D7}.Release|Any CPU.ActiveCfg = Release|Any CPU
		{AD225C4B-58FD-4273-85D2-10F8810D49D7}.Release|Any CPU.Build.0 = Release|Any CPU
	EndGlobalSection
	GlobalSection(SolutionProperties) = preSolution
		HideSolutionNode = FALSE
	EndGlobalSection
	GlobalSection(ExtensibilityGlobals) = postSolution
		SolutionGuid = {012274B9-3778-40F2-B8B1-95468386F6E9}
	EndGlobalSection
EndGlobal
